// !$*UTF8*$!
{
	archiveVersion = 1;
	classes = {
	};
	objectVersion = 46;
	objects = {

/* Begin PBXBuildFile section */
		DD5423CE170DDBEA00B3331A /* UIKit.framework in Frameworks */ = {isa = PBXBuildFile; fileRef = DD5423CD170DDBEA00B3331A /* UIKit.framework */; };
		DD5423D0170DDBEA00B3331A /* Foundation.framework in Frameworks */ = {isa = PBXBuildFile; fileRef = DD5423CF170DDBEA00B3331A /* Foundation.framework */; };
		DD5423D2170DDBEA00B3331A /* CoreGraphics.framework in Frameworks */ = {isa = PBXBuildFile; fileRef = DD5423D1170DDBEA00B3331A /* CoreGraphics.framework */; };
		DD5423D8170DDBEA00B3331A /* InfoPlist.strings in Resources */ = {isa = PBXBuildFile; fileRef = DD5423D6170DDBEA00B3331A /* InfoPlist.strings */; };
		DD5423DA170DDBEA00B3331A /* main.m in Sources */ = {isa = PBXBuildFile; fileRef = DD5423D9170DDBEA00B3331A /* main.m */; };
		DD5423DE170DDBEA00B3331A /* HappyGrocerAppDelegate.m in Sources */ = {isa = PBXBuildFile; fileRef = DD5423DD170DDBEA00B3331A /* HappyGrocerAppDelegate.m */; };
		DD5423E0170DDBEA00B3331A /* Default.png in Resources */ = {isa = PBXBuildFile; fileRef = DD5423DF170DDBEA00B3331A /* Default.png */; };
		DD5423E2170DDBEA00B3331A /* Default@2x.png in Resources */ = {isa = PBXBuildFile; fileRef = DD5423E1170DDBEA00B3331A /* Default@2x.png */; };
		DD5423E4170DDBEA00B3331A /* Default-568h@2x.png in Resources */ = {isa = PBXBuildFile; fileRef = DD5423E3170DDBEA00B3331A /* Default-568h@2x.png */; };
		DD5423E7170DDBEA00B3331A /* MainStoryboard_iPhone.storyboard in Resources */ = {isa = PBXBuildFile; fileRef = DD5423E5170DDBEA00B3331A /* MainStoryboard_iPhone.storyboard */; };
		DD5423EA170DDBEA00B3331A /* MainStoryboard_iPad.storyboard in Resources */ = {isa = PBXBuildFile; fileRef = DD5423E8170DDBEA00B3331A /* MainStoryboard_iPad.storyboard */; };
		DD5423ED170DDBEA00B3331A /* HappyGrocerViewController.m in Sources */ = {isa = PBXBuildFile; fileRef = DD5423EC170DDBEA00B3331A /* HappyGrocerViewController.m */; };
		DDF85ACA1725BCEB00B30393 /* AddItemViewController.m in Sources */ = {isa = PBXBuildFile; fileRef = DDF85AC81725BCEB00B30393 /* AddItemViewController.m */; };
		DDF85ACB1725BCEB00B30393 /* AddItemViewController.xib in Resources */ = {isa = PBXBuildFile; fileRef = DDF85AC91725BCEB00B30393 /* AddItemViewController.xib */; };
		DDF85ACD1725BED400B30393 /* Parse.framework in Frameworks */ = {isa = PBXBuildFile; fileRef = DDF85ACC1725BED400B30393 /* Parse.framework */; };
		DDF85ACF1725BF3900B30393 /* AudioToolbox.framework in Frameworks */ = {isa = PBXBuildFile; fileRef = DDF85ACE1725BF3900B30393 /* AudioToolbox.framework */; };
		DDF85AD11725BF4400B30393 /* CFNetwork.framework in Frameworks */ = {isa = PBXBuildFile; fileRef = DDF85AD01725BF4400B30393 /* CFNetwork.framework */; };
		DDF85AD31725BF5300B30393 /* CoreLocation.framework in Frameworks */ = {isa = PBXBuildFile; fileRef = DDF85AD21725BF5300B30393 /* CoreLocation.framework */; };
		DDF85AD51725BF7800B30393 /* libz.1.1.3.dylib in Frameworks */ = {isa = PBXBuildFile; fileRef = DDF85AD41725BF7800B30393 /* libz.1.1.3.dylib */; };
		DDF85AD71725BF8C00B30393 /* MobileCoreServices.framework in Frameworks */ = {isa = PBXBuildFile; fileRef = DDF85AD61725BF8C00B30393 /* MobileCoreServices.framework */; };
		DDF85AD91725BF9600B30393 /* QuartzCore.framework in Frameworks */ = {isa = PBXBuildFile; fileRef = DDF85AD81725BF9600B30393 /* QuartzCore.framework */; };
		DDF85ADB1725BFA000B30393 /* Security.framework in Frameworks */ = {isa = PBXBuildFile; fileRef = DDF85ADA1725BFA000B30393 /* Security.framework */; };
		DDF85ADD1725BFAD00B30393 /* StoreKit.framework in Frameworks */ = {isa = PBXBuildFile; fileRef = DDF85ADC1725BFAD00B30393 /* StoreKit.framework */; };
		DDF85ADF1725BFB600B30393 /* SystemConfiguration.framework in Frameworks */ = {isa = PBXBuildFile; fileRef = DDF85ADE1725BFB600B30393 /* SystemConfiguration.framework */; };
		DDF85AFC1725FC4500B30393 /* ItemViewController.m in Sources */ = {isa = PBXBuildFile; fileRef = DDF85AFA1725FC4500B30393 /* ItemViewController.m */; };
		DDF85AFD1725FC4500B30393 /* ItemViewController.xib in Resources */ = {isa = PBXBuildFile; fileRef = DDF85AFB1725FC4500B30393 /* ItemViewController.xib */; };
		DDF85B0017260F5B00B30393 /* ItemCell.m in Sources */ = {isa = PBXBuildFile; fileRef = DDF85AFF17260F5A00B30393 /* ItemCell.m */; };
		DDF85B10172725B800B30393 /* Toast+UIView.m in Sources */ = {isa = PBXBuildFile; fileRef = DDF85B0F172725A900B30393 /* Toast+UIView.m */; settings = {COMPILER_FLAGS = "-fno-objc-arc"; }; };
/* End PBXBuildFile section */

/* Begin PBXFileReference section */
		DD5423CA170DDBEA00B3331A /* HappyGrocer.app */ = {isa = PBXFileReference; explicitFileType = wrapper.application; includeInIndex = 0; path = HappyGrocer.app; sourceTree = BUILT_PRODUCTS_DIR; };
		DD5423CD170DDBEA00B3331A /* UIKit.framework */ = {isa = PBXFileReference; lastKnownFileType = wrapper.framework; name = UIKit.framework; path = System/Library/Frameworks/UIKit.framework; sourceTree = SDKROOT; };
		DD5423CF170DDBEA00B3331A /* Foundation.framework */ = {isa = PBXFileReference; lastKnownFileType = wrapper.framework; name = Foundation.framework; path = System/Library/Frameworks/Foundation.framework; sourceTree = SDKROOT; };
		DD5423D1170DDBEA00B3331A /* CoreGraphics.framework */ = {isa = PBXFileReference; lastKnownFileType = wrapper.framework; name = CoreGraphics.framework; path = System/Library/Frameworks/CoreGraphics.framework; sourceTree = SDKROOT; };
		DD5423D5170DDBEA00B3331A /* HappyGrocer-Info.plist */ = {isa = PBXFileReference; lastKnownFileType = text.plist.xml; path = "HappyGrocer-Info.plist"; sourceTree = "<group>"; };
		DD5423D7170DDBEA00B3331A /* en */ = {isa = PBXFileReference; lastKnownFileType = text.plist.strings; name = en; path = en.lproj/InfoPlist.strings; sourceTree = "<group>"; };
		DD5423D9170DDBEA00B3331A /* main.m */ = {isa = PBXFileReference; lastKnownFileType = sourcecode.c.objc; path = main.m; sourceTree = "<group>"; };
		DD5423DB170DDBEA00B3331A /* HappyGrocer-Prefix.pch */ = {isa = PBXFileReference; lastKnownFileType = sourcecode.c.h; path = "HappyGrocer-Prefix.pch"; sourceTree = "<group>"; };
		DD5423DC170DDBEA00B3331A /* HappyGrocerAppDelegate.h */ = {isa = PBXFileReference; lastKnownFileType = sourcecode.c.h; path = HappyGrocerAppDelegate.h; sourceTree = "<group>"; };
		DD5423DD170DDBEA00B3331A /* HappyGrocerAppDelegate.m */ = {isa = PBXFileReference; lastKnownFileType = sourcecode.c.objc; path = HappyGrocerAppDelegate.m; sourceTree = "<group>"; };
		DD5423DF170DDBEA00B3331A /* Default.png */ = {isa = PBXFileReference; lastKnownFileType = image.png; path = Default.png; sourceTree = "<group>"; };
		DD5423E1170DDBEA00B3331A /* Default@2x.png */ = {isa = PBXFileReference; lastKnownFileType = image.png; path = "Default@2x.png"; sourceTree = "<group>"; };
		DD5423E3170DDBEA00B3331A /* Default-568h@2x.png */ = {isa = PBXFileReference; lastKnownFileType = image.png; path = "Default-568h@2x.png"; sourceTree = "<group>"; };
		DD5423E6170DDBEA00B3331A /* en */ = {isa = PBXFileReference; lastKnownFileType = file.storyboard; name = en; path = en.lproj/MainStoryboard_iPhone.storyboard; sourceTree = "<group>"; };
		DD5423E9170DDBEA00B3331A /* en */ = {isa = PBXFileReference; lastKnownFileType = file.storyboard; name = en; path = en.lproj/MainStoryboard_iPad.storyboard; sourceTree = "<group>"; };
		DD5423EB170DDBEA00B3331A /* HappyGrocerViewController.h */ = {isa = PBXFileReference; lastKnownFileType = sourcecode.c.h; path = HappyGrocerViewController.h; sourceTree = "<group>"; };
		DD5423EC170DDBEA00B3331A /* HappyGrocerViewController.m */ = {isa = PBXFileReference; lastKnownFileType = sourcecode.c.objc; path = HappyGrocerViewController.m; sourceTree = "<group>"; };
		DDF85AC71725BCEB00B30393 /* AddItemViewController.h */ = {isa = PBXFileReference; fileEncoding = 4; lastKnownFileType = sourcecode.c.h; path = AddItemViewController.h; sourceTree = "<group>"; };
		DDF85AC81725BCEB00B30393 /* AddItemViewController.m */ = {isa = PBXFileReference; fileEncoding = 4; lastKnownFileType = sourcecode.c.objc; path = AddItemViewController.m; sourceTree = "<group>"; };
		DDF85AC91725BCEB00B30393 /* AddItemViewController.xib */ = {isa = PBXFileReference; fileEncoding = 4; lastKnownFileType = file.xib; path = AddItemViewController.xib; sourceTree = "<group>"; };
		DDF85ACC1725BED400B30393 /* Parse.framework */ = {isa = PBXFileReference; lastKnownFileType = wrapper.framework; path = Parse.framework; sourceTree = "<group>"; };
		DDF85ACE1725BF3900B30393 /* AudioToolbox.framework */ = {isa = PBXFileReference; lastKnownFileType = wrapper.framework; name = AudioToolbox.framework; path = System/Library/Frameworks/AudioToolbox.framework; sourceTree = SDKROOT; };
		DDF85AD01725BF4400B30393 /* CFNetwork.framework */ = {isa = PBXFileReference; lastKnownFileType = wrapper.framework; name = CFNetwork.framework; path = System/Library/Frameworks/CFNetwork.framework; sourceTree = SDKROOT; };
		DDF85AD21725BF5300B30393 /* CoreLocation.framework */ = {isa = PBXFileReference; lastKnownFileType = wrapper.framework; name = CoreLocation.framework; path = System/Library/Frameworks/CoreLocation.framework; sourceTree = SDKROOT; };
		DDF85AD41725BF7800B30393 /* libz.1.1.3.dylib */ = {isa = PBXFileReference; lastKnownFileType = "compiled.mach-o.dylib"; name = libz.1.1.3.dylib; path = usr/lib/libz.1.1.3.dylib; sourceTree = SDKROOT; };
		DDF85AD61725BF8C00B30393 /* MobileCoreServices.framework */ = {isa = PBXFileReference; lastKnownFileType = wrapper.framework; name = MobileCoreServices.framework; path = System/Library/Frameworks/MobileCoreServices.framework; sourceTree = SDKROOT; };
		DDF85AD81725BF9600B30393 /* QuartzCore.framework */ = {isa = PBXFileReference; lastKnownFileType = wrapper.framework; name = QuartzCore.framework; path = System/Library/Frameworks/QuartzCore.framework; sourceTree = SDKROOT; };
		DDF85ADA1725BFA000B30393 /* Security.framework */ = {isa = PBXFileReference; lastKnownFileType = wrapper.framework; name = Security.framework; path = System/Library/Frameworks/Security.framework; sourceTree = SDKROOT; };
		DDF85ADC1725BFAD00B30393 /* StoreKit.framework */ = {isa = PBXFileReference; lastKnownFileType = wrapper.framework; name = StoreKit.framework; path = System/Library/Frameworks/StoreKit.framework; sourceTree = SDKROOT; };
		DDF85ADE1725BFB600B30393 /* SystemConfiguration.framework */ = {isa = PBXFileReference; lastKnownFileType = wrapper.framework; name = SystemConfiguration.framework; path = System/Library/Frameworks/SystemConfiguration.framework; sourceTree = SDKROOT; };
		DDF85AF91725FC4500B30393 /* ItemViewController.h */ = {isa = PBXFileReference; fileEncoding = 4; lastKnownFileType = sourcecode.c.h; path = ItemViewController.h; sourceTree = "<group>"; };
		DDF85AFA1725FC4500B30393 /* ItemViewController.m */ = {isa = PBXFileReference; fileEncoding = 4; lastKnownFileType = sourcecode.c.objc; path = ItemViewController.m; sourceTree = "<group>"; };
		DDF85AFB1725FC4500B30393 /* ItemViewController.xib */ = {isa = PBXFileReference; fileEncoding = 4; lastKnownFileType = file.xib; path = ItemViewController.xib; sourceTree = "<group>"; };
		DDF85AFE17260F5A00B30393 /* ItemCell.h */ = {isa = PBXFileReference; fileEncoding = 4; lastKnownFileType = sourcecode.c.h; name = ItemCell.h; path = ../ItemCell.h; sourceTree = "<group>"; };
		DDF85AFF17260F5A00B30393 /* ItemCell.m */ = {isa = PBXFileReference; fileEncoding = 4; lastKnownFileType = sourcecode.c.objc; name = ItemCell.m; path = ../ItemCell.m; sourceTree = "<group>"; };
		DDF85B0E172725A900B30393 /* Toast+UIView.h */ = {isa = PBXFileReference; lastKnownFileType = sourcecode.c.h; path = "Toast+UIView.h"; sourceTree = "<group>"; };
		DDF85B0F172725A900B30393 /* Toast+UIView.m */ = {isa = PBXFileReference; lastKnownFileType = sourcecode.c.objc; path = "Toast+UIView.m"; sourceTree = "<group>"; };
/* End PBXFileReference section */

/* Begin PBXFrameworksBuildPhase section */
		DD5423C7170DDBE900B3331A /* Frameworks */ = {
			isa = PBXFrameworksBuildPhase;
			buildActionMask = 2147483647;
			files = (
				DDF85ADF1725BFB600B30393 /* SystemConfiguration.framework in Frameworks */,
				DDF85ADD1725BFAD00B30393 /* StoreKit.framework in Frameworks */,
				DDF85ADB1725BFA000B30393 /* Security.framework in Frameworks */,
				DDF85AD91725BF9600B30393 /* QuartzCore.framework in Frameworks */,
				DDF85AD71725BF8C00B30393 /* MobileCoreServices.framework in Frameworks */,
				DDF85AD51725BF7800B30393 /* libz.1.1.3.dylib in Frameworks */,
				DDF85AD31725BF5300B30393 /* CoreLocation.framework in Frameworks */,
				DD5423D2170DDBEA00B3331A /* CoreGraphics.framework in Frameworks */,
				DDF85AD11725BF4400B30393 /* CFNetwork.framework in Frameworks */,
				DDF85ACF1725BF3900B30393 /* AudioToolbox.framework in Frameworks */,
				DD5423CE170DDBEA00B3331A /* UIKit.framework in Frameworks */,
				DD5423D0170DDBEA00B3331A /* Foundation.framework in Frameworks */,
				DDF85ACD1725BED400B30393 /* Parse.framework in Frameworks */,
			);
			runOnlyForDeploymentPostprocessing = 0;
		};
/* End PBXFrameworksBuildPhase section */

/* Begin PBXGroup section */
		DD5423C1170DDBE900B3331A = {
			isa = PBXGroup;
			children = (
				DD5423D3170DDBEA00B3331A /* HappyGrocer */,
				DD5423CC170DDBEA00B3331A /* Frameworks */,
				DD5423CB170DDBEA00B3331A /* Products */,
			);
			sourceTree = "<group>";
		};
		DD5423CB170DDBEA00B3331A /* Products */ = {
			isa = PBXGroup;
			children = (
				DD5423CA170DDBEA00B3331A /* HappyGrocer.app */,
			);
			name = Products;
			sourceTree = "<group>";
		};
		DD5423CC170DDBEA00B3331A /* Frameworks */ = {
			isa = PBXGroup;
			children = (
				DDF85ADE1725BFB600B30393 /* SystemConfiguration.framework */,
				DDF85ADC1725BFAD00B30393 /* StoreKit.framework */,
				DDF85ADA1725BFA000B30393 /* Security.framework */,
				DDF85AD81725BF9600B30393 /* QuartzCore.framework */,
				DDF85AD61725BF8C00B30393 /* MobileCoreServices.framework */,
				DDF85AD41725BF7800B30393 /* libz.1.1.3.dylib */,
				DDF85AD21725BF5300B30393 /* CoreLocation.framework */,
				DDF85AD01725BF4400B30393 /* CFNetwork.framework */,
				DDF85ACE1725BF3900B30393 /* AudioToolbox.framework */,
				DDF85ACC1725BED400B30393 /* Parse.framework */,
				DD5423CD170DDBEA00B3331A /* UIKit.framework */,
				DD5423CF170DDBEA00B3331A /* Foundation.framework */,
				DD5423D1170DDBEA00B3331A /* CoreGraphics.framework */,
			);
			name = Frameworks;
			sourceTree = "<group>";
		};
		DD5423D3170DDBEA00B3331A /* HappyGrocer */ = {
			isa = PBXGroup;
			children = (
				DDF85B0E172725A900B30393 /* Toast+UIView.h */,
				DDF85B0F172725A900B30393 /* Toast+UIView.m */,
				DDF85AF91725FC4500B30393 /* ItemViewController.h */,
				DDF85AFA1725FC4500B30393 /* ItemViewController.m */,
				DDF85AFB1725FC4500B30393 /* ItemViewController.xib */,
				DDF85AC71725BCEB00B30393 /* AddItemViewController.h */,
				DDF85AC81725BCEB00B30393 /* AddItemViewController.m */,
				DDF85AC91725BCEB00B30393 /* AddItemViewController.xib */,
				DD5423DC170DDBEA00B3331A /* HappyGrocerAppDelegate.h */,
				DD5423DD170DDBEA00B3331A /* HappyGrocerAppDelegate.m */,
				DD5423E5170DDBEA00B3331A /* MainStoryboard_iPhone.storyboard */,
				DD5423E8170DDBEA00B3331A /* MainStoryboard_iPad.storyboard */,
				DD5423EB170DDBEA00B3331A /* HappyGrocerViewController.h */,
				DD5423EC170DDBEA00B3331A /* HappyGrocerViewController.m */,
				DD5423D4170DDBEA00B3331A /* Supporting Files */,
			);
			path = HappyGrocer;
			sourceTree = "<group>";
		};
		DD5423D4170DDBEA00B3331A /* Supporting Files */ = {
			isa = PBXGroup;
			children = (
				DDF85AFE17260F5A00B30393 /* ItemCell.h */,
				DDF85AFF17260F5A00B30393 /* ItemCell.m */,
				DD5423D5170DDBEA00B3331A /* HappyGrocer-Info.plist */,
				DD5423D6170DDBEA00B3331A /* InfoPlist.strings */,
				DD5423D9170DDBEA00B3331A /* main.m */,
				DD5423DB170DDBEA00B3331A /* HappyGrocer-Prefix.pch */,
				DD5423DF170DDBEA00B3331A /* Default.png */,
				DD5423E1170DDBEA00B3331A /* Default@2x.png */,
				DD5423E3170DDBEA00B3331A /* Default-568h@2x.png */,
			);
			name = "Supporting Files";
			sourceTree = "<group>";
		};
/* End PBXGroup section */

/* Begin PBXNativeTarget section */
		DD5423C9170DDBE900B3331A /* HappyGrocer */ = {
			isa = PBXNativeTarget;
			buildConfigurationList = DD5423F0170DDBEA00B3331A /* Build configuration list for PBXNativeTarget "HappyGrocer" */;
			buildPhases = (
				DD5423C6170DDBE900B3331A /* Sources */,
				DD5423C7170DDBE900B3331A /* Frameworks */,
				DD5423C8170DDBE900B3331A /* Resources */,
			);
			buildRules = (
			);
			dependencies = (
			);
			name = HappyGrocer;
			productName = HappyGrocer;
			productReference = DD5423CA170DDBEA00B3331A /* HappyGrocer.app */;
			productType = "com.apple.product-type.application";
		};
/* End PBXNativeTarget section */

/* Begin PBXProject section */
		DD5423C2170DDBE900B3331A /* Project object */ = {
			isa = PBXProject;
			attributes = {
				CLASSPREFIX = HappyGrocer;
				LastUpgradeCheck = 0460;
				ORGANIZATIONNAME = "Kirsten Kane";
			};
			buildConfigurationList = DD5423C5170DDBE900B3331A /* Build configuration list for PBXProject "HappyGrocer" */;
			compatibilityVersion = "Xcode 3.2";
			developmentRegion = English;
			hasScannedForEncodings = 0;
			knownRegions = (
				en,
			);
			mainGroup = DD5423C1170DDBE900B3331A;
			productRefGroup = DD5423CB170DDBEA00B3331A /* Products */;
			projectDirPath = "";
			projectRoot = "";
			targets = (
				DD5423C9170DDBE900B3331A /* HappyGrocer */,
			);
		};
/* End PBXProject section */

/* Begin PBXResourcesBuildPhase section */
		DD5423C8170DDBE900B3331A /* Resources */ = {
			isa = PBXResourcesBuildPhase;
			buildActionMask = 2147483647;
			files = (
				DD5423D8170DDBEA00B3331A /* InfoPlist.strings in Resources */,
				DD5423E0170DDBEA00B3331A /* Default.png in Resources */,
				DD5423E2170DDBEA00B3331A /* Default@2x.png in Resources */,
				DD5423E4170DDBEA00B3331A /* Default-568h@2x.png in Resources */,
				DD5423E7170DDBEA00B3331A /* MainStoryboard_iPhone.storyboard in Resources */,
				DD5423EA170DDBEA00B3331A /* MainStoryboard_iPad.storyboard in Resources */,
				DDF85ACB1725BCEB00B30393 /* AddItemViewController.xib in Resources */,
				DDF85AFD1725FC4500B30393 /* ItemViewController.xib in Resources */,
			);
			runOnlyForDeploymentPostprocessing = 0;
		};
/* End PBXResourcesBuildPhase section */

/* Begin PBXSourcesBuildPhase section */
		DD5423C6170DDBE900B3331A /* Sources */ = {
			isa = PBXSourcesBuildPhase;
			buildActionMask = 2147483647;
			files = (
				DDF85B10172725B800B30393 /* Toast+UIView.m in Sources */,
				DD5423DA170DDBEA00B3331A /* main.m in Sources */,
				DD5423DE170DDBEA00B3331A /* HappyGrocerAppDelegate.m in Sources */,
				DD5423ED170DDBEA00B3331A /* HappyGrocerViewController.m in Sources */,
				DDF85ACA1725BCEB00B30393 /* AddItemViewController.m in Sources */,
				DDF85AFC1725FC4500B30393 /* ItemViewController.m in Sources */,
				DDF85B0017260F5B00B30393 /* ItemCell.m in Sources */,
			);
			runOnlyForDeploymentPostprocessing = 0;
		};
/* End PBXSourcesBuildPhase section */

/* Begin PBXVariantGroup section */
		DD5423D6170DDBEA00B3331A /* InfoPlist.strings */ = {
			isa = PBXVariantGroup;
			children = (
				DD5423D7170DDBEA00B3331A /* en */,
			);
			name = InfoPlist.strings;
			sourceTree = "<group>";
		};
		DD5423E5170DDBEA00B3331A /* MainStoryboard_iPhone.storyboard */ = {
			isa = PBXVariantGroup;
			children = (
				DD5423E6170DDBEA00B3331A /* en */,
			);
			name = MainStoryboard_iPhone.storyboard;
			sourceTree = "<group>";
		};
		DD5423E8170DDBEA00B3331A /* MainStoryboard_iPad.storyboard */ = {
			isa = PBXVariantGroup;
			children = (
				DD5423E9170DDBEA00B3331A /* en */,
			);
			name = MainStoryboard_iPad.storyboard;
			sourceTree = "<group>";
		};
/* End PBXVariantGroup section */

/* Begin XCBuildConfiguration section */
		DD5423EE170DDBEA00B3331A /* Debug */ = {
			isa = XCBuildConfiguration;
			buildSettings = {
				ALWAYS_SEARCH_USER_PATHS = NO;
				CLANG_CXX_LANGUAGE_STANDARD = "gnu++0x";
				CLANG_CXX_LIBRARY = "libc++";
				CLANG_ENABLE_OBJC_ARC = YES;
				CLANG_WARN_CONSTANT_CONVERSION = YES;
				CLANG_WARN_EMPTY_BODY = YES;
				CLANG_WARN_ENUM_CONVERSION = YES;
				CLANG_WARN_INT_CONVERSION = YES;
				CLANG_WARN__DUPLICATE_METHOD_MATCH = YES;
				"CODE_SIGN_IDENTITY[sdk=iphoneos*]" = "iPhone Developer";
				COPY_PHASE_STRIP = NO;
				GCC_C_LANGUAGE_STANDARD = gnu99;
				GCC_DYNAMIC_NO_PIC = NO;
				GCC_OPTIMIZATION_LEVEL = 0;
				GCC_PREPROCESSOR_DEFINITIONS = (
					"DEBUG=1",
					"$(inherited)",
				);
				GCC_SYMBOLS_PRIVATE_EXTERN = NO;
				GCC_WARN_ABOUT_RETURN_TYPE = YES;
				GCC_WARN_UNINITIALIZED_AUTOS = YES;
				GCC_WARN_UNUSED_VARIABLE = YES;
				IPHONEOS_DEPLOYMENT_TARGET = 6.1;
				ONLY_ACTIVE_ARCH = YES;
				SDKROOT = iphoneos;
				TARGETED_DEVICE_FAMILY = "1,2";
			};
			name = Debug;
		};
		DD5423EF170DDBEA00B3331A /* Release */ = {
			isa = XCBuildConfiguration;
			buildSettings = {
				ALWAYS_SEARCH_USER_PATHS = NO;
				CLANG_CXX_LANGUAGE_STANDARD = "gnu++0x";
				CLANG_CXX_LIBRARY = "libc++";
				CLANG_ENABLE_OBJC_ARC = YES;
				CLANG_WARN_CONSTANT_CONVERSION = YES;
				CLANG_WARN_EMPTY_BODY = YES;
				CLANG_WARN_ENUM_CONVERSION = YES;
				CLANG_WARN_INT_CONVERSION = YES;
				CLANG_WARN__DUPLICATE_METHOD_MATCH = YES;
				"CODE_SIGN_IDENTITY[sdk=iphoneos*]" = "iPhone Developer";
				COPY_PHASE_STRIP = YES;
				GCC_C_LANGUAGE_STANDARD = gnu99;
				GCC_WARN_ABOUT_RETURN_TYPE = YES;
				GCC_WARN_UNINITIALIZED_AUTOS = YES;
				GCC_WARN_UNUSED_VARIABLE = YES;
				IPHONEOS_DEPLOYMENT_TARGET = 6.1;
				OTHER_CFLAGS = "-DNS_BLOCK_ASSERTIONS=1";
				SDKROOT = iphoneos;
				TARGETED_DEVICE_FAMILY = "1,2";
				VALIDATE_PRODUCT = YES;
			};
			name = Release;
		};
		DD5423F1170DDBEA00B3331A /* Debug */ = {
			isa = XCBuildConfiguration;
			buildSettings = {
				FRAMEWORK_SEARCH_PATHS = (
					"$(inherited)",
					"\"$(SRCROOT)\"",
				);
				GCC_PRECOMPILE_PREFIX_HEADER = YES;
				GCC_PREFIX_HEADER = "HappyGrocer/HappyGrocer-Prefix.pch";
				INFOPLIST_FILE = "HappyGrocer/HappyGrocer-Info.plist";
				PRODUCT_NAME = "$(TARGET_NAME)";
				WRAPPER_EXTENSION = app;
			};
			name = Debug;
		};
		DD5423F2170DDBEA00B3331A /* Release */ = {
			isa = XCBuildConfiguration;
			buildSettings = {
				FRAMEWORK_SEARCH_PATHS = (
					"$(inherited)",
					"\"$(SRCROOT)\"",
				);
				GCC_PRECOMPILE_PREFIX_HEADER = YES;
				GCC_PREFIX_HEADER = "HappyGrocer/HappyGrocer-Prefix.pch";
				INFOPLIST_FILE = "HappyGrocer/HappyGrocer-Info.plist";
				PRODUCT_NAME = "$(TARGET_NAME)";
				WRAPPER_EXTENSION = app;
			};
			name = Release;
		};
/* End XCBuildConfiguration section */

/* Begin XCConfigurationList section */
		DD5423C5170DDBE900B3331A /* Build configuration list for PBXProject "HappyGrocer" */ = {
			isa = XCConfigurationList;
			buildConfigurations = (
				DD5423EE170DDBEA00B3331A /* Debug */,
				DD5423EF170DDBEA00B3331A /* Release */,
			);
			defaultConfigurationIsVisible = 0;
			defaultConfigurationName = Release;
		};
		DD5423F0170DDBEA00B3331A /* Build configuration list for PBXNativeTarget "HappyGrocer" */ = {
			isa = XCConfigurationList;
			buildConfigurations = (
				DD5423F1170DDBEA00B3331A /* Debug */,
				DD5423F2170DDBEA00B3331A /* Release */,
			);
			defaultConfigurationIsVisible = 0;
			defaultConfigurationName = Release;
		};
/* End XCConfigurationList section */
	};
	rootObject = DD5423C2170DDBE900B3331A /* Project object */;
}
